// !$*UTF8*$!
{
	archiveVersion = 1;
	classes = {
	};
	objectVersion = 50;
	objects = {

/* Begin PBXBuildFile section */
		3F12FE9027284DE900AC1622 /* Three_Letter_WordApp.swift in Sources */ = {isa = PBXBuildFile; fileRef = 3F12FE8F27284DE900AC1622 /* Three_Letter_WordApp.swift */; };
		3F12FE9227284DE900AC1622 /* ContentView.swift in Sources */ = {isa = PBXBuildFile; fileRef = 3F12FE9127284DE900AC1622 /* ContentView.swift */; };
		3F12FE9427284DEB00AC1622 /* Assets.xcassets in Resources */ = {isa = PBXBuildFile; fileRef = 3F12FE9327284DEB00AC1622 /* Assets.xcassets */; };
		3F12FE9727284DEB00AC1622 /* Preview Assets.xcassets in Resources */ = {isa = PBXBuildFile; fileRef = 3F12FE9627284DEB00AC1622 /* Preview Assets.xcassets */; };
		3F12FEA227284DEB00AC1622 /* Three_Letter_WordTests.swift in Sources */ = {isa = PBXBuildFile; fileRef = 3F12FEA127284DEB00AC1622 /* Three_Letter_WordTests.swift */; };
		3F12FEAD27284DEB00AC1622 /* Three_Letter_WordUITests.swift in Sources */ = {isa = PBXBuildFile; fileRef = 3F12FEAC27284DEB00AC1622 /* Three_Letter_WordUITests.swift */; };
/* End PBXBuildFile section */

/* Begin PBXContainerItemProxy section */
		3F12FE9E27284DEB00AC1622 /* PBXContainerItemProxy */ = {
			isa = PBXContainerItemProxy;
			containerPortal = 3F12FE8427284DE900AC1622 /* Project object */;
			proxyType = 1;
			remoteGlobalIDString = 3F12FE8B27284DE900AC1622;
			remoteInfo = "Three Letter Word";
		};
		3F12FEA927284DEB00AC1622 /* PBXContainerItemProxy */ = {
			isa = PBXContainerItemProxy;
			containerPortal = 3F12FE8427284DE900AC1622 /* Project object */;
			proxyType = 1;
			remoteGlobalIDString = 3F12FE8B27284DE900AC1622;
			remoteInfo = "Three Letter Word";
		};
/* End PBXContainerItemProxy section */

/* Begin PBXFileReference section */
		3F12FE8C27284DE900AC1622 /* Three Letter Word.app */ = {isa = PBXFileReference; explicitFileType = wrapper.application; includeInIndex = 0; path = "Three Letter Word.app"; sourceTree = BUILT_PRODUCTS_DIR; };
		3F12FE8F27284DE900AC1622 /* Three_Letter_WordApp.swift */ = {isa = PBXFileReference; lastKnownFileType = sourcecode.swift; path = Three_Letter_WordApp.swift; sourceTree = "<group>"; };
		3F12FE9127284DE900AC1622 /* ContentView.swift */ = {isa = PBXFileReference; lastKnownFileType = sourcecode.swift; path = ContentView.swift; sourceTree = "<group>"; };
		3F12FE9327284DEB00AC1622 /* Assets.xcassets */ = {isa = PBXFileReference; lastKnownFileType = folder.assetcatalog; path = Assets.xcassets; sourceTree = "<group>"; };
		3F12FE9627284DEB00AC1622 /* Preview Assets.xcassets */ = {isa = PBXFileReference; lastKnownFileType = folder.assetcatalog; path = "Preview Assets.xcassets"; sourceTree = "<group>"; };
		3F12FE9827284DEB00AC1622 /* Info.plist */ = {isa = PBXFileReference; lastKnownFileType = text.plist.xml; path = Info.plist; sourceTree = "<group>"; };
		3F12FE9D27284DEB00AC1622 /* Three Letter WordTests.xctest */ = {isa = PBXFileReference; explicitFileType = wrapper.cfbundle; includeInIndex = 0; path = "Three Letter WordTests.xctest"; sourceTree = BUILT_PRODUCTS_DIR; };
		3F12FEA127284DEB00AC1622 /* Three_Letter_WordTests.swift */ = {isa = PBXFileReference; lastKnownFileType = sourcecode.swift; path = Three_Letter_WordTests.swift; sourceTree = "<group>"; };
		3F12FEA327284DEB00AC1622 /* Info.plist */ = {isa = PBXFileReference; lastKnownFileType = text.plist.xml; path = Info.plist; sourceTree = "<group>"; };
		3F12FEA827284DEB00AC1622 /* Three Letter WordUITests.xctest */ = {isa = PBXFileReference; explicitFileType = wrapper.cfbundle; includeInIndex = 0; path = "Three Letter WordUITests.xctest"; sourceTree = BUILT_PRODUCTS_DIR; };
		3F12FEAC27284DEB00AC1622 /* Three_Letter_WordUITests.swift */ = {isa = PBXFileReference; lastKnownFileType = sourcecode.swift; path = Three_Letter_WordUITests.swift; sourceTree = "<group>"; };
		3F12FEAE27284DEB00AC1622 /* Info.plist */ = {isa = PBXFileReference; lastKnownFileType = text.plist.xml; path = Info.plist; sourceTree = "<group>"; };
/* End PBXFileReference section */

/* Begin PBXFrameworksBuildPhase section */
		3F12FE8927284DE900AC1622 /* Frameworks */ = {
			isa = PBXFrameworksBuildPhase;
			buildActionMask = 2147483647;
			files = (
			);
			runOnlyForDeploymentPostprocessing = 0;
		};
		3F12FE9A27284DEB00AC1622 /* Frameworks */ = {
			isa = PBXFrameworksBuildPhase;
			buildActionMask = 2147483647;
			files = (
			);
			runOnlyForDeploymentPostprocessing = 0;
		};
		3F12FEA527284DEB00AC1622 /* Frameworks */ = {
			isa = PBXFrameworksBuildPhase;
			buildActionMask = 2147483647;
			files = (
			);
			runOnlyForDeploymentPostprocessing = 0;
		};
/* End PBXFrameworksBuildPhase section */

/* Begin PBXGroup section */
		3F12FE8327284DE900AC1622 = {
			isa = PBXGroup;
			children = (
				3F12FE8E27284DE900AC1622 /* Three Letter Word */,
				3F12FEA027284DEB00AC1622 /* Three Letter WordTests */,
				3F12FEAB27284DEB00AC1622 /* Three Letter WordUITests */,
				3F12FE8D27284DE900AC1622 /* Products */,
			);
			sourceTree = "<group>";
		};
		3F12FE8D27284DE900AC1622 /* Products */ = {
			isa = PBXGroup;
			children = (
				3F12FE8C27284DE900AC1622 /* Three Letter Word.app */,
				3F12FE9D27284DEB00AC1622 /* Three Letter WordTests.xctest */,
				3F12FEA827284DEB00AC1622 /* Three Letter WordUITests.xctest */,
			);
			name = Products;
			sourceTree = "<group>";
		};
		3F12FE8E27284DE900AC1622 /* Three Letter Word */ = {
			isa = PBXGroup;
			children = (
				3F12FE8F27284DE900AC1622 /* Three_Letter_WordApp.swift */,
				3F12FE9127284DE900AC1622 /* ContentView.swift */,
				3F12FE9327284DEB00AC1622 /* Assets.xcassets */,
				3F12FE9827284DEB00AC1622 /* Info.plist */,
				3F12FE9527284DEB00AC1622 /* Preview Content */,
			);
			path = "Three Letter Word";
			sourceTree = "<group>";
		};
		3F12FE9527284DEB00AC1622 /* Preview Content */ = {
			isa = PBXGroup;
			children = (
				3F12FE9627284DEB00AC1622 /* Preview Assets.xcassets */,
			);
			path = "Preview Content";
			sourceTree = "<group>";
		};
		3F12FEA027284DEB00AC1622 /* Three Letter WordTests */ = {
			isa = PBXGroup;
			children = (
				3F12FEA127284DEB00AC1622 /* Three_Letter_WordTests.swift */,
				3F12FEA327284DEB00AC1622 /* Info.plist */,
			);
			path = "Three Letter WordTests";
			sourceTree = "<group>";
		};
		3F12FEAB27284DEB00AC1622 /* Three Letter WordUITests */ = {
			isa = PBXGroup;
			children = (
				3F12FEAC27284DEB00AC1622 /* Three_Letter_WordUITests.swift */,
				3F12FEAE27284DEB00AC1622 /* Info.plist */,
			);
			path = "Three Letter WordUITests";
			sourceTree = "<group>";
		};
/* End PBXGroup section */

/* Begin PBXNativeTarget section */
		3F12FE8B27284DE900AC1622 /* Three Letter Word */ = {
			isa = PBXNativeTarget;
			buildConfigurationList = 3F12FEB127284DEB00AC1622 /* Build configuration list for PBXNativeTarget "Three Letter Word" */;
			buildPhases = (
				3F12FE8827284DE900AC1622 /* Sources */,
				3F12FE8927284DE900AC1622 /* Frameworks */,
				3F12FE8A27284DE900AC1622 /* Resources */,
			);
			buildRules = (
			);
			dependencies = (
			);
			name = "Three Letter Word";
			productName = "Three Letter Word";
			productReference = 3F12FE8C27284DE900AC1622 /* Three Letter Word.app */;
			productType = "com.apple.product-type.application";
		};
		3F12FE9C27284DEB00AC1622 /* Three Letter WordTests */ = {
			isa = PBXNativeTarget;
			buildConfigurationList = 3F12FEB427284DEB00AC1622 /* Build configuration list for PBXNativeTarget "Three Letter WordTests" */;
			buildPhases = (
				3F12FE9927284DEB00AC1622 /* Sources */,
				3F12FE9A27284DEB00AC1622 /* Frameworks */,
				3F12FE9B27284DEB00AC1622 /* Resources */,
			);
			buildRules = (
			);
			dependencies = (
				3F12FE9F27284DEB00AC1622 /* PBXTargetDependency */,
			);
			name = "Three Letter WordTests";
			productName = "Three Letter WordTests";
			productReference = 3F12FE9D27284DEB00AC1622 /* Three Letter WordTests.xctest */;
			productType = "com.apple.product-type.bundle.unit-test";
		};
		3F12FEA727284DEB00AC1622 /* Three Letter WordUITests */ = {
			isa = PBXNativeTarget;
			buildConfigurationList = 3F12FEB727284DEB00AC1622 /* Build configuration list for PBXNativeTarget "Three Letter WordUITests" */;
			buildPhases = (
				3F12FEA427284DEB00AC1622 /* Sources */,
				3F12FEA527284DEB00AC1622 /* Frameworks */,
				3F12FEA627284DEB00AC1622 /* Resources */,
			);
			buildRules = (
			);
			dependencies = (
				3F12FEAA27284DEB00AC1622 /* PBXTargetDependency */,
			);
			name = "Three Letter WordUITests";
			productName = "Three Letter WordUITests";
			productReference = 3F12FEA827284DEB00AC1622 /* Three Letter WordUITests.xctest */;
			productType = "com.apple.product-type.bundle.ui-testing";
		};
/* End PBXNativeTarget section */

/* Begin PBXProject section */
		3F12FE8427284DE900AC1622 /* Project object */ = {
			isa = PBXProject;
			attributes = {
				LastSwiftUpdateCheck = 1250;
				LastUpgradeCheck = 1250;
				TargetAttributes = {
					3F12FE8B27284DE900AC1622 = {
						CreatedOnToolsVersion = 12.5.1;
					};
					3F12FE9C27284DEB00AC1622 = {
						CreatedOnToolsVersion = 12.5.1;
						TestTargetID = 3F12FE8B27284DE900AC1622;
					};
					3F12FEA727284DEB00AC1622 = {
						CreatedOnToolsVersion = 12.5.1;
						TestTargetID = 3F12FE8B27284DE900AC1622;
					};
				};
			};
			buildConfigurationList = 3F12FE8727284DE900AC1622 /* Build configuration list for PBXProject "Three Letter Word" */;
			compatibilityVersion = "Xcode 9.3";
			developmentRegion = en;
			hasScannedForEncodings = 0;
			knownRegions = (
				en,
				Base,
			);
			mainGroup = 3F12FE8327284DE900AC1622;
			productRefGroup = 3F12FE8D27284DE900AC1622 /* Products */;
			projectDirPath = "";
			projectRoot = "";
			targets = (
				3F12FE8B27284DE900AC1622 /* Three Letter Word */,
				3F12FE9C27284DEB00AC1622 /* Three Letter WordTests */,
				3F12FEA727284DEB00AC1622 /* Three Letter WordUITests */,
			);
		};
/* End PBXProject section */

/* Begin PBXResourcesBuildPhase section */
		3F12FE8A27284DE900AC1622 /* Resources */ = {
			isa = PBXResourcesBuildPhase;
			buildActionMask = 2147483647;
			files = (
				3F12FE9727284DEB00AC1622 /* Preview Assets.xcassets in Resources */,
				3F12FE9427284DEB00AC1622 /* Assets.xcassets in Resources */,
			);
			runOnlyForDeploymentPostprocessing = 0;
		};
		3F12FE9B27284DEB00AC1622 /* Resources */ = {
			isa = PBXResourcesBuildPhase;
			buildActionMask = 2147483647;
			files = (
			);
			runOnlyForDeploymentPostprocessing = 0;
		};
		3F12FEA627284DEB00AC1622 /* Resources */ = {
			isa = PBXResourcesBuildPhase;
			buildActionMask = 2147483647;
			files = (
			);
			runOnlyForDeploymentPostprocessing = 0;
		};
/* End PBXResourcesBuildPhase section */

/* Begin PBXSourcesBuildPhase section */
		3F12FE8827284DE900AC1622 /* Sources */ = {
			isa = PBXSourcesBuildPhase;
			buildActionMask = 2147483647;
			files = (
				3F12FE9227284DE900AC1622 /* ContentView.swift in Sources */,
				3F12FE9027284DE900AC1622 /* Three_Letter_WordApp.swift in Sources */,
			);
			runOnlyForDeploymentPostprocessing = 0;
		};
		3F12FE9927284DEB00AC1622 /* Sources */ = {
			isa = PBXSourcesBuildPhase;
			buildActionMask = 2147483647;
			files = (
				3F12FEA227284DEB00AC1622 /* Three_Letter_WordTests.swift in Sources */,
			);
			runOnlyForDeploymentPostprocessing = 0;
		};
		3F12FEA427284DEB00AC1622 /* Sources */ = {
			isa = PBXSourcesBuildPhase;
			buildActionMask = 2147483647;
			files = (
				3F12FEAD27284DEB00AC1622 /* Three_Letter_WordUITests.swift in Sources */,
			);
			runOnlyForDeploymentPostprocessing = 0;
		};
/* End PBXSourcesBuildPhase section */

/* Begin PBXTargetDependency section */
		3F12FE9F27284DEB00AC1622 /* PBXTargetDependency */ = {
			isa = PBXTargetDependency;
			target = 3F12FE8B27284DE900AC1622 /* Three Letter Word */;
			targetProxy = 3F12FE9E27284DEB00AC1622 /* PBXContainerItemProxy */;
		};
		3F12FEAA27284DEB00AC1622 /* PBXTargetDependency */ = {
			isa = PBXTargetDependency;
			target = 3F12FE8B27284DE900AC1622 /* Three Letter Word */;
			targetProxy = 3F12FEA927284DEB00AC1622 /* PBXContainerItemProxy */;
		};
/* End PBXTargetDependency section */

/* Begin XCBuildConfiguration section */
		3F12FEAF27284DEB00AC1622 /* Debug */ = {
			isa = XCBuildConfiguration;
			buildSettings = {
				ALWAYS_SEARCH_USER_PATHS = NO;
				CLANG_ANALYZER_NONNULL = YES;
				CLANG_ANALYZER_NUMBER_OBJECT_CONVERSION = YES_AGGRESSIVE;
				CLANG_CXX_LANGUAGE_STANDARD = "gnu++14";
				CLANG_CXX_LIBRARY = "libc++";
				CLANG_ENABLE_MODULES = YES;
				CLANG_ENABLE_OBJC_ARC = YES;
				CLANG_ENABLE_OBJC_WEAK = YES;
				CLANG_WARN_BLOCK_CAPTURE_AUTORELEASING = YES;
				CLANG_WARN_BOOL_CONVERSION = YES;
				CLANG_WARN_COMMA = YES;
				CLANG_WARN_CONSTANT_CONVERSION = YES;
				CLANG_WARN_DEPRECATED_OBJC_IMPLEMENTATIONS = YES;
				CLANG_WARN_DIRECT_OBJC_ISA_USAGE = YES_ERROR;
				CLANG_WARN_DOCUMENTATION_COMMENTS = YES;
				CLANG_WARN_EMPTY_BODY = YES;
				CLANG_WARN_ENUM_CONVERSION = YES;
				CLANG_WARN_INFINITE_RECURSION = YES;
				CLANG_WARN_INT_CONVERSION = YES;
				CLANG_WARN_NON_LITERAL_NULL_CONVERSION = YES;
				CLANG_WARN_OBJC_IMPLICIT_RETAIN_SELF = YES;
				CLANG_WARN_OBJC_LITERAL_CONVERSION = YES;
				CLANG_WARN_OBJC_ROOT_CLASS = YES_ERROR;
				CLANG_WARN_QUOTED_INCLUDE_IN_FRAMEWORK_HEADER = YES;
				CLANG_WARN_RANGE_LOOP_ANALYSIS = YES;
				CLANG_WARN_STRICT_PROTOTYPES = YES;
				CLANG_WARN_SUSPICIOUS_MOVE = YES;
				CLANG_WARN_UNGUARDED_AVAILABILITY = YES_AGGRESSIVE;
				CLANG_WARN_UNREACHABLE_CODE = YES;
				CLANG_WARN__DUPLICATE_METHOD_MATCH = YES;
				COPY_PHASE_STRIP = NO;
				DEBUG_INFORMATION_FORMAT = dwarf;
				ENABLE_STRICT_OBJC_MSGSEND = YES;
				ENABLE_TESTABILITY = YES;
				GCC_C_LANGUAGE_STANDARD = gnu11;
				GCC_DYNAMIC_NO_PIC = NO;
				GCC_NO_COMMON_BLOCKS = YES;
				GCC_OPTIMIZATION_LEVEL = 0;
				GCC_PREPROCESSOR_DEFINITIONS = (
					"DEBUG=1",
					"$(inherited)",
				);
				GCC_WARN_64_TO_32_BIT_CONVERSION = YES;
				GCC_WARN_ABOUT_RETURN_TYPE = YES_ERROR;
				GCC_WARN_UNDECLARED_SELECTOR = YES;
				GCC_WARN_UNINITIALIZED_AUTOS = YES_AGGRESSIVE;
				GCC_WARN_UNUSED_FUNCTION = YES;
				GCC_WARN_UNUSED_VARIABLE = YES;
				IPHONEOS_DEPLOYMENT_TARGET = 14.5;
				MTL_ENABLE_DEBUG_INFO = INCLUDE_SOURCE;
				MTL_FAST_MATH = YES;
				ONLY_ACTIVE_ARCH = YES;
				SDKROOT = iphoneos;
				SWIFT_ACTIVE_COMPILATION_CONDITIONS = DEBUG;
				SWIFT_OPTIMIZATION_LEVEL = "-Onone";
			};
			name = Debug;
		};
		3F12FEB027284DEB00AC1622 /* Release */ = {
			isa = XCBuildConfiguration;
			buildSettings = {
				ALWAYS_SEARCH_USER_PATHS = NO;
				CLANG_ANALYZER_NONNULL = YES;
				CLANG_ANALYZER_NUMBER_OBJECT_CONVERSION = YES_AGGRESSIVE;
				CLANG_CXX_LANGUAGE_STANDARD = "gnu++14";
				CLANG_CXX_LIBRARY = "libc++";
				CLANG_ENABLE_MODULES = YES;
				CLANG_ENABLE_OBJC_ARC = YES;
				CLANG_ENABLE_OBJC_WEAK = YES;
				CLANG_WARN_BLOCK_CAPTURE_AUTORELEASING = YES;
				CLANG_WARN_BOOL_CONVERSION = YES;
				CLANG_WARN_COMMA = YES;
				CLANG_WARN_CONSTANT_CONVERSION = YES;
				CLANG_WARN_DEPRECATED_OBJC_IMPLEMENTATIONS = YES;
				CLANG_WARN_DIRECT_OBJC_ISA_USAGE = YES_ERROR;
				CLANG_WARN_DOCUMENTATION_COMMENTS = YES;
				CLANG_WARN_EMPTY_BODY = YES;
				CLANG_WARN_ENUM_CONVERSION = YES;
				CLANG_WARN_INFINITE_RECURSION = YES;
				CLANG_WARN_INT_CONVERSION = YES;
				CLANG_WARN_NON_LITERAL_NULL_CONVERSION = YES;
				CLANG_WARN_OBJC_IMPLICIT_RETAIN_SELF = YES;
				CLANG_WARN_OBJC_LITERAL_CONVERSION = YES;
				CLANG_WARN_OBJC_ROOT_CLASS = YES_ERROR;
				CLANG_WARN_QUOTED_INCLUDE_IN_FRAMEWORK_HEADER = YES;
				CLANG_WARN_RANGE_LOOP_ANALYSIS = YES;
				CLANG_WARN_STRICT_PROTOTYPES = YES;
				CLANG_WARN_SUSPICIOUS_MOVE = YES;
				CLANG_WARN_UNGUARDED_AVAILABILITY = YES_AGGRESSIVE;
				CLANG_WARN_UNREACHABLE_CODE = YES;
				CLANG_WARN__DUPLICATE_METHOD_MATCH = YES;
				COPY_PHASE_STRIP = NO;
				DEBUG_INFORMATION_FORMAT = "dwarf-with-dsym";
				ENABLE_NS_ASSERTIONS = NO;
				ENABLE_STRICT_OBJC_MSGSEND = YES;
				GCC_C_LANGUAGE_STANDARD = gnu11;
				GCC_NO_COMMON_BLOCKS = YES;
				GCC_WARN_64_TO_32_BIT_CONVERSION = YES;
				GCC_WARN_ABOUT_RETURN_TYPE = YES_ERROR;
				GCC_WARN_UNDECLARED_SELECTOR = YES;
				GCC_WARN_UNINITIALIZED_AUTOS = YES_AGGRESSIVE;
				GCC_WARN_UNUSED_FUNCTION = YES;
				GCC_WARN_UNUSED_VARIABLE = YES;
				IPHONEOS_DEPLOYMENT_TARGET = 14.5;
				MTL_ENABLE_DEBUG_INFO = NO;
				MTL_FAST_MATH = YES;
				SDKROOT = iphoneos;
				SWIFT_COMPILATION_MODE = wholemodule;
				SWIFT_OPTIMIZATION_LEVEL = "-O";
				VALIDATE_PRODUCT = YES;
			};
			name = Release;
		};
		3F12FEB227284DEB00AC1622 /* Debug */ = {
			isa = XCBuildConfiguration;
			buildSettings = {
				ASSETCATALOG_COMPILER_APPICON_NAME = AppIcon;
				ASSETCATALOG_COMPILER_GLOBAL_ACCENT_COLOR_NAME = AccentColor;
				CODE_SIGN_STYLE = Automatic;
				DEVELOPMENT_ASSET_PATHS = "\"Three Letter Word/Preview Content\"";
				DEVELOPMENT_TEAM = 3TQCYY7WA2;
				ENABLE_PREVIEWS = YES;
				INFOPLIST_FILE = "Three Letter Word/Info.plist";
				IPHONEOS_DEPLOYMENT_TARGET = 14.0;
				LD_RUNPATH_SEARCH_PATHS = (
					"$(inherited)",
					"@executable_path/Frameworks",
				);
				PRODUCT_BUNDLE_IDENTIFIER = "Simple-Tech.Three-Letter-Word";
				PRODUCT_NAME = "$(TARGET_NAME)";
				SWIFT_VERSION = 5.0;
				TARGETED_DEVICE_FAMILY = "1,2";
			};
			name = Debug;
		};
		3F12FEB327284DEB00AC1622 /* Release */ = {
			isa = XCBuildConfiguration;
			buildSettings = {
				ASSETCATALOG_COMPILER_APPICON_NAME = AppIcon;
				ASSETCATALOG_COMPILER_GLOBAL_ACCENT_COLOR_NAME = AccentColor;
				CODE_SIGN_STYLE = Automatic;
				DEVELOPMENT_ASSET_PATHS = "\"Three Letter Word/Preview Content\"";
				DEVELOPMENT_TEAM = 3TQCYY7WA2;
				ENABLE_PREVIEWS = YES;
				INFOPLIST_FILE = "Three Letter Word/Info.plist";
				IPHONEOS_DEPLOYMENT_TARGET = 14.0;
				LD_RUNPATH_SEARCH_PATHS = (
					"$(inherited)",
					"@executable_path/Frameworks",
				);
				PRODUCT_BUNDLE_IDENTIFIER = "Simple-Tech.Three-Letter-Word";
				PRODUCT_NAME = "$(TARGET_NAME)";
				SWIFT_VERSION = 5.0;
				TARGETED_DEVICE_FAMILY = "1,2";
			};
			name = Release;
		};
		3F12FEB527284DEB00AC1622 /* Debug */ = {
			isa = XCBuildConfiguration;
			buildSettings = {
				ALWAYS_EMBED_SWIFT_STANDARD_LIBRARIES = YES;
				BUNDLE_LOADER = "$(TEST_HOST)";
				CODE_SIGN_STYLE = Automatic;
				DEVELOPMENT_TEAM = 3TQCYY7WA2;
				INFOPLIST_FILE = "Three Letter WordTests/Info.plist";
				IPHONEOS_DEPLOYMENT_TARGET = 14.0;
				LD_RUNPATH_SEARCH_PATHS = (
					"$(inherited)",
					"@executable_path/Frameworks",
					"@loader_path/Frameworks",
				);
				PRODUCT_BUNDLE_IDENTIFIER = "Simple-Tech.Three-Letter-WordTests";
				PRODUCT_NAME = "$(TARGET_NAME)";
				SWIFT_VERSION = 5.0;
				TARGETED_DEVICE_FAMILY = "1,2";
				TEST_HOST = "$(BUILT_PRODUCTS_DIR)/Three Letter Word.app/Three Letter Word";
			};
			name = Debug;
		};
		3F12FEB627284DEB00AC1622 /* Release */ = {
			isa = XCBuildConfiguration;
			buildSettings = {
				ALWAYS_EMBED_SWIFT_STANDARD_LIBRARIES = YES;
				BUNDLE_LOADER = "$(TEST_HOST)";
				CODE_SIGN_STYLE = Automatic;
				DEVELOPMENT_TEAM = 3TQCYY7WA2;
				INFOPLIST_FILE = "Three Letter WordTests/Info.plist";
				IPHONEOS_DEPLOYMENT_TARGET = 14.0;
				LD_RUNPATH_SEARCH_PATHS = (
					"$(inherited)",
					"@executable_path/Frameworks",
					"@loader_path/Frameworks",
				);
				PRODUCT_BUNDLE_IDENTIFIER = "Simple-Tech.Three-Letter-WordTests";
				PRODUCT_NAME = "$(TARGET_NAME)";
				SWIFT_VERSION = 5.0;
				TARGETED_DEVICE_FAMILY = "1,2";
				TEST_HOST = "$(BUILT_PRODUCTS_DIR)/Three Letter Word.app/Three Letter Word";
			};
			name = Release;
		};
		3F12FEB827284DEB00AC1622 /* Debug */ = {
			isa = XCBuildConfiguration;
			buildSettings = {
				ALWAYS_EMBED_SWIFT_STANDARD_LIBRARIES = YES;
				CODE_SIGN_STYLE = Automatic;
				DEVELOPMENT_TEAM = 3TQCYY7WA2;
				INFOPLIST_FILE = "Three Letter WordUITests/Info.plist";
				LD_RUNPATH_SEARCH_PATHS = (
					"$(inherited)",
					"@executable_path/Frameworks",
					"@loader_path/Frameworks",
				);
				PRODUCT_BUNDLE_IDENTIFIER = "Simple-Tech.Three-Letter-WordUITests";
				PRODUCT_NAME = "$(TARGET_NAME)";
				SWIFT_VERSION = 5.0;
				TARGETED_DEVICE_FAMILY = "1,2";
				TEST_TARGET_NAME = "Three Letter Word";
			};
			name = Debug;
		};
		3F12FEB927284DEB00AC1622 /* Release */ = {
			isa = XCBuildConfiguration;
			buildSettings = {
				ALWAYS_EMBED_SWIFT_STANDARD_LIBRARIES = YES;
				CODE_SIGN_STYLE = Automatic;
				DEVELOPMENT_TEAM = 3TQCYY7WA2;
				INFOPLIST_FILE = "Three Letter WordUITests/Info.plist";
				LD_RUNPATH_SEARCH_PATHS = (
					"$(inherited)",
					"@executable_path/Frameworks",
					"@loader_path/Frameworks",
				);
				PRODUCT_BUNDLE_IDENTIFIER = "Simple-Tech.Three-Letter-WordUITests";
				PRODUCT_NAME = "$(TARGET_NAME)";
				SWIFT_VERSION = 5.0;
				TARGETED_DEVICE_FAMILY = "1,2";
				TEST_TARGET_NAME = "Three Letter Word";
			};
			name = Release;
		};
/* End XCBuildConfiguration section */

/* Begin XCConfigurationList section */
		3F12FE8727284DE900AC1622 /* Build configuration list for PBXProject "Three Letter Word" */ = {
			isa = XCConfigurationList;
			buildConfigurations = (
				3F12FEAF27284DEB00AC1622 /* Debug */,
				3F12FEB027284DEB00AC1622 /* Release */,
			);
			defaultConfigurationIsVisible = 0;
			defaultConfigurationName = Release;
		};
		3F12FEB127284DEB00AC1622 /* Build configuration list for PBXNativeTarget "Three Letter Word" */ = {
			isa = XCConfigurationList;
			buildConfigurations = (
				3F12FEB227284DEB00AC1622 /* Debug */,
				3F12FEB327284DEB00AC1622 /* Release */,
			);
			defaultConfigurationIsVisible = 0;
			defaultConfigurationName = Release;
		};
		3F12FEB427284DEB00AC1622 /* Build configuration list for PBXNativeTarget "Three Letter WordTests" */ = {
			isa = XCConfigurationList;
			buildConfigurations = (
				3F12FEB527284DEB00AC1622 /* Debug */,
				3F12FEB627284DEB00AC1622 /* Release */,
			);
			defaultConfigurationIsVisible = 0;
			defaultConfigurationName = Release;
		};
		3F12FEB727284DEB00AC1622 /* Build configuration list for PBXNativeTarget "Three Letter WordUITests" */ = {
			isa = XCConfigurationList;
			buildConfigurations = (
				3F12FEB827284DEB00AC1622 /* Debug */,
				3F12FEB927284DEB00AC1622 /* Release */,
			);
			defaultConfigurationIsVisible = 0;
			defaultConfigurationName = Release;
		};
/* End XCConfigurationList section */
	};
	rootObject = 3F12FE8427284DE900AC1622 /* Project object */;
}
